
Microsoft Visual Studio Solution File, Format Version 12.00
# Visual Studio Version 17
VisualStudioVersion = 17.4.33205.214
MinimumVisualStudioVersion = 10.0.40219.1
Project("{9A19103F-16F7-4668-BE54-9A1E7A4F7556}") = "FarmaciaApp", "FarmaciaApp\FarmaciaApp.csproj", "{B1BBFC0D-4AD5-4A2F-A6CE-810691F66CB8}"
EndProject
Project("{9A19103F-16F7-4668-BE54-9A1E7A4F7556}") = "FarmaciaWebApi", "FarmaciaWebApi\FarmaciaWebApi.csproj", "{93328618-F986-4F7A-833D-38867DF3DF33}"
EndProject
Project("{FAE04EC0-301F-11D3-BF4B-00C04F79EFBC}") = "FarmaciaWebApp", "FarmaciaWebApp\FarmaciaWebApp.csproj", "{77319178-95FC-4438-86A0-FE17B915C9DD}"
EndProject
Global
	GlobalSection(SolutionConfigurationPlatforms) = preSolution
		Debug|Any CPU = Debug|Any CPU
		Release|Any CPU = Release|Any CPU
	EndGlobalSection
	GlobalSection(ProjectConfigurationPlatforms) = postSolution
		{B1BBFC0D-4AD5-4A2F-A6CE-810691F66CB8}.Debug|Any CPU.ActiveCfg = Debug|Any CPU
		{B1BBFC0D-4AD5-4A2F-A6CE-810691F66CB8}.Debug|Any CPU.Build.0 = Debug|Any CPU
		{B1BBFC0D-4AD5-4A2F-A6CE-810691F66CB8}.Release|Any CPU.ActiveCfg = Release|Any CPU
		{B1BBFC0D-4AD5-4A2F-A6CE-810691F66CB8}.Release|Any CPU.Build.0 = Release|Any CPU
		{93328618-F986-4F7A-833D-38867DF3DF33}.Debug|Any CPU.ActiveCfg = Debug|Any CPU
		{93328618-F986-4F7A-833D-38867DF3DF33}.Debug|Any CPU.Build.0 = Debug|Any CPU
		{93328618-F986-4F7A-833D-38867DF3DF33}.Release|Any CPU.ActiveCfg = Release|Any CPU
		{93328618-F986-4F7A-833D-38867DF3DF33}.Release|Any CPU.Build.0 = Release|Any CPU
		{77319178-95FC-4438-86A0-FE17B915C9DD}.Debug|Any CPU.ActiveCfg = Debug|Any CPU
		{77319178-95FC-4438-86A0-FE17B915C9DD}.Debug|Any CPU.Build.0 = Debug|Any CPU
		{77319178-95FC-4438-86A0-FE17B915C9DD}.Release|Any CPU.ActiveCfg = Release|Any CPU
		{77319178-95FC-4438-86A0-FE17B915C9DD}.Release|Any CPU.Build.0 = Release|Any CPU
	EndGlobalSection
	GlobalSection(SolutionProperties) = preSolution
		HideSolutionNode = FALSE
	EndGlobalSection
	GlobalSection(ExtensibilityGlobals) = postSolution
		SolutionGuid = {CF269B29-70FD-4B80-8D38-8892638AA281}
	EndGlobalSection
EndGlobal
